
Microsoft Visual Studio Solution File, Format Version 12.00
# Visual Studio Version 16
VisualStudioVersion = 16.0.29709.97
MinimumVisualStudioVersion = 10.0.40219.1
Project("{FAE04EC0-301F-11D3-BF4B-00C04F79EFBC}") = "Capitalism", "Capitalism\Capitalism.csproj", "{FBE70887-50E5-417F-AC00-109F43FBECD9}"
EndProject
Global
	GlobalSection(SolutionConfigurationPlatforms) = preSolution
		Debug|x86 = Debug|x86
		Release|x86 = Release|x86
	EndGlobalSection
	GlobalSection(ProjectConfigurationPlatforms) = postSolution
		{FBE70887-50E5-417F-AC00-109F43FBECD9}.Debug|x86.ActiveCfg = Debug|x86
		{FBE70887-50E5-417F-AC00-109F43FBECD9}.Debug|x86.Build.0 = Debug|x86
		{FBE70887-50E5-417F-AC00-109F43FBECD9}.Release|x86.ActiveCfg = Release|x86
		{FBE70887-50E5-417F-AC00-109F43FBECD9}.Release|x86.Build.0 = Release|x86
	EndGlobalSection
	GlobalSection(SolutionProperties) = preSolution
		HideSolutionNode = FALSE
	EndGlobalSection
	GlobalSection(ExtensibilityGlobals) = postSolution
		SolutionGuid = {76C2546D-E8E5-4421-8F2E-539E1E1CDACE}
	EndGlobalSection
EndGlobal
